PODS:
  - Capsule (1.5.0)
  - Moocher (0.4.0):
    - Moocher/Core (= 0.4.0)
  - Moocher/Core (0.4.0)
  - Moocher/Polling (0.4.0)
  - Quick (7.3.0)
  - SwiftLint (0.54.0)
  - Utensils (0.5.0):
    - Capsule (~> 1.5.0)

DEPENDENCIES:
  - Capsule (= 1.5.0)
  - Moocher (= 0.4.0)
  - Moocher/Polling (= 0.4.0)
  - Quick (= 7.3.0)
  - SwiftLint (= 0.54.0)
  - Utensils (= 0.5.0)

SPEC REPOS:
  https://github.com/CocoaPods/Specs.git:
    - Capsule
    - Moocher
    - Quick
    - SwiftLint
    - Utensils

SPEC CHECKSUMS:
  Capsule: ddb7fff44e44863c1cdeffedbcaf2659c875148a
  Moocher: 4c5f38df3caf6d4664e525a7e119584ad6614680
  Quick: d32871931c05547cb4e0bc9009d66a18b50d8558
  SwiftLint: c1de071d9d08c8aba837545f6254315bc900e211
  Utensils: d01a57be2bc0ae52be0e007a5cc0ccdf87b068af

PODFILE CHECKSUM: 303b36311307f24e0cf3f4435ca20dc61429a9e4

COCOAPODS: 1.14.3
